// !$*UTF8*$!
{
	archiveVersion = 1;
	classes = {
	};
	objectVersion = 46;
	objects = {

/* Begin PBXBuildFile section */
		D865D4B41C63785200DEFD2B /* AppDelegate.swift in Sources */ = {isa = PBXBuildFile; fileRef = D865D4B31C63785200DEFD2B /* AppDelegate.swift */; };
		D865D4B61C63785200DEFD2B /* ViewController.swift in Sources */ = {isa = PBXBuildFile; fileRef = D865D4B51C63785200DEFD2B /* ViewController.swift */; };
		D865D4B91C63785200DEFD2B /* Main.storyboard in Resources */ = {isa = PBXBuildFile; fileRef = D865D4B71C63785200DEFD2B /* Main.storyboard */; };
		D865D4BB1C63785200DEFD2B /* Assets.xcassets in Resources */ = {isa = PBXBuildFile; fileRef = D865D4BA1C63785200DEFD2B /* Assets.xcassets */; };
		D865D4BE1C63785200DEFD2B /* LaunchScreen.storyboard in Resources */ = {isa = PBXBuildFile; fileRef = D865D4BC1C63785200DEFD2B /* LaunchScreen.storyboard */; };
		D865D4C91C63785200DEFD2B /* MovieTheatrTests.swift in Sources */ = {isa = PBXBuildFile; fileRef = D865D4C81C63785200DEFD2B /* MovieTheatrTests.swift */; };
		D865D4D41C63785200DEFD2B /* MovieTheatrUITests.swift in Sources */ = {isa = PBXBuildFile; fileRef = D865D4D31C63785200DEFD2B /* MovieTheatrUITests.swift */; };
/* End PBXBuildFile section */

/* Begin PBXContainerItemProxy section */
		D865D4C51C63785200DEFD2B /* PBXContainerItemProxy */ = {
			isa = PBXContainerItemProxy;
			containerPortal = D865D4A81C63785100DEFD2B /* Project object */;
			proxyType = 1;
			remoteGlobalIDString = D865D4AF1C63785200DEFD2B;
			remoteInfo = MovieTheatr;
		};
		D865D4D01C63785200DEFD2B /* PBXContainerItemProxy */ = {
			isa = PBXContainerItemProxy;
			containerPortal = D865D4A81C63785100DEFD2B /* Project object */;
			proxyType = 1;
			remoteGlobalIDString = D865D4AF1C63785200DEFD2B;
			remoteInfo = MovieTheatr;
		};
/* End PBXContainerItemProxy section */

/* Begin PBXFileReference section */
		D865D4B01C63785200DEFD2B /* MovieTheatr.app */ = {isa = PBXFileReference; explicitFileType = wrapper.application; includeInIndex = 0; path = MovieTheatr.app; sourceTree = BUILT_PRODUCTS_DIR; };
		D865D4B31C63785200DEFD2B /* AppDelegate.swift */ = {isa = PBXFileReference; lastKnownFileType = sourcecode.swift; path = AppDelegate.swift; sourceTree = "<group>"; };
		D865D4B51C63785200DEFD2B /* ViewController.swift */ = {isa = PBXFileReference; lastKnownFileType = sourcecode.swift; path = ViewController.swift; sourceTree = "<group>"; };
		D865D4B81C63785200DEFD2B /* Base */ = {isa = PBXFileReference; lastKnownFileType = file.storyboard; name = Base; path = Base.lproj/Main.storyboard; sourceTree = "<group>"; };
		D865D4BA1C63785200DEFD2B /* Assets.xcassets */ = {isa = PBXFileReference; lastKnownFileType = folder.assetcatalog; path = Assets.xcassets; sourceTree = "<group>"; };
		D865D4BD1C63785200DEFD2B /* Base */ = {isa = PBXFileReference; lastKnownFileType = file.storyboard; name = Base; path = Base.lproj/LaunchScreen.storyboard; sourceTree = "<group>"; };
		D865D4BF1C63785200DEFD2B /* Info.plist */ = {isa = PBXFileReference; lastKnownFileType = text.plist.xml; path = Info.plist; sourceTree = "<group>"; };
		D865D4C41C63785200DEFD2B /* MovieTheatrTests.xctest */ = {isa = PBXFileReference; explicitFileType = wrapper.cfbundle; includeInIndex = 0; path = MovieTheatrTests.xctest; sourceTree = BUILT_PRODUCTS_DIR; };
		D865D4C81C63785200DEFD2B /* MovieTheatrTests.swift */ = {isa = PBXFileReference; lastKnownFileType = sourcecode.swift; path = MovieTheatrTests.swift; sourceTree = "<group>"; };
		D865D4CA1C63785200DEFD2B /* Info.plist */ = {isa = PBXFileReference; lastKnownFileType = text.plist.xml; path = Info.plist; sourceTree = "<group>"; };
		D865D4CF1C63785200DEFD2B /* MovieTheatrUITests.xctest */ = {isa = PBXFileReference; explicitFileType = wrapper.cfbundle; includeInIndex = 0; path = MovieTheatrUITests.xctest; sourceTree = BUILT_PRODUCTS_DIR; };
		D865D4D31C63785200DEFD2B /* MovieTheatrUITests.swift */ = {isa = PBXFileReference; lastKnownFileType = sourcecode.swift; path = MovieTheatrUITests.swift; sourceTree = "<group>"; };
		D865D4D51C63785200DEFD2B /* Info.plist */ = {isa = PBXFileReference; lastKnownFileType = text.plist.xml; path = Info.plist; sourceTree = "<group>"; };
/* End PBXFileReference section */

/* Begin PBXFrameworksBuildPhase section */
		D865D4AD1C63785200DEFD2B /* Frameworks */ = {
			isa = PBXFrameworksBuildPhase;
			buildActionMask = 2147483647;
			files = (
			);
			runOnlyForDeploymentPostprocessing = 0;
		};
		D865D4C11C63785200DEFD2B /* Frameworks */ = {
			isa = PBXFrameworksBuildPhase;
			buildActionMask = 2147483647;
			files = (
			);
			runOnlyForDeploymentPostprocessing = 0;
		};
		D865D4CC1C63785200DEFD2B /* Frameworks */ = {
			isa = PBXFrameworksBuildPhase;
			buildActionMask = 2147483647;
			files = (
			);
			runOnlyForDeploymentPostprocessing = 0;
		};
/* End PBXFrameworksBuildPhase section */

/* Begin PBXGroup section */
		D865D4A71C63785100DEFD2B = {
			isa = PBXGroup;
			children = (
				D865D4B21C63785200DEFD2B /* MovieTheatr */,
				D865D4C71C63785200DEFD2B /* MovieTheatrTests */,
				D865D4D21C63785200DEFD2B /* MovieTheatrUITests */,
				D865D4B11C63785200DEFD2B /* Products */,
			);
			sourceTree = "<group>";
		};
		D865D4B11C63785200DEFD2B /* Products */ = {
			isa = PBXGroup;
			children = (
				D865D4B01C63785200DEFD2B /* MovieTheatr.app */,
				D865D4C41C63785200DEFD2B /* MovieTheatrTests.xctest */,
				D865D4CF1C63785200DEFD2B /* MovieTheatrUITests.xctest */,
			);
			name = Products;
			sourceTree = "<group>";
		};
		D865D4B21C63785200DEFD2B /* MovieTheatr */ = {
			isa = PBXGroup;
			children = (
				D865D4B31C63785200DEFD2B /* AppDelegate.swift */,
				D865D4B51C63785200DEFD2B /* ViewController.swift */,
				D865D4B71C63785200DEFD2B /* Main.storyboard */,
				D865D4BA1C63785200DEFD2B /* Assets.xcassets */,
				D865D4BC1C63785200DEFD2B /* LaunchScreen.storyboard */,
				D865D4BF1C63785200DEFD2B /* Info.plist */,
			);
			path = MovieTheatr;
			sourceTree = "<group>";
		};
		D865D4C71C63785200DEFD2B /* MovieTheatrTests */ = {
			isa = PBXGroup;
			children = (
				D865D4C81C63785200DEFD2B /* MovieTheatrTests.swift */,
				D865D4CA1C63785200DEFD2B /* Info.plist */,
			);
			path = MovieTheatrTests;
			sourceTree = "<group>";
		};
		D865D4D21C63785200DEFD2B /* MovieTheatrUITests */ = {
			isa = PBXGroup;
			children = (
				D865D4D31C63785200DEFD2B /* MovieTheatrUITests.swift */,
				D865D4D51C63785200DEFD2B /* Info.plist */,
			);
			path = MovieTheatrUITests;
			sourceTree = "<group>";
		};
/* End PBXGroup section */

/* Begin PBXNativeTarget section */
		D865D4AF1C63785200DEFD2B /* MovieTheatr */ = {
			isa = PBXNativeTarget;
			buildConfigurationList = D865D4D81C63785200DEFD2B /* Build configuration list for PBXNativeTarget "MovieTheatr" */;
			buildPhases = (
				D865D4AC1C63785200DEFD2B /* Sources */,
				D865D4AD1C63785200DEFD2B /* Frameworks */,
				D865D4AE1C63785200DEFD2B /* Resources */,
			);
			buildRules = (
			);
			dependencies = (
			);
			name = MovieTheatr;
			productName = MovieTheatr;
			productReference = D865D4B01C63785200DEFD2B /* MovieTheatr.app */;
			productType = "com.apple.product-type.application";
		};
		D865D4C31C63785200DEFD2B /* MovieTheatrTests */ = {
			isa = PBXNativeTarget;
			buildConfigurationList = D865D4DB1C63785200DEFD2B /* Build configuration list for PBXNativeTarget "MovieTheatrTests" */;
			buildPhases = (
				D865D4C01C63785200DEFD2B /* Sources */,
				D865D4C11C63785200DEFD2B /* Frameworks */,
				D865D4C21C63785200DEFD2B /* Resources */,
			);
			buildRules = (
			);
			dependencies = (
				D865D4C61C63785200DEFD2B /* PBXTargetDependency */,
			);
			name = MovieTheatrTests;
			productName = MovieTheatrTests;
			productReference = D865D4C41C63785200DEFD2B /* MovieTheatrTests.xctest */;
			productType = "com.apple.product-type.bundle.unit-test";
		};
		D865D4CE1C63785200DEFD2B /* MovieTheatrUITests */ = {
			isa = PBXNativeTarget;
			buildConfigurationList = D865D4DE1C63785200DEFD2B /* Build configuration list for PBXNativeTarget "MovieTheatrUITests" */;
			buildPhases = (
				D865D4CB1C63785200DEFD2B /* Sources */,
				D865D4CC1C63785200DEFD2B /* Frameworks */,
				D865D4CD1C63785200DEFD2B /* Resources */,
			);
			buildRules = (
			);
			dependencies = (
				D865D4D11C63785200DEFD2B /* PBXTargetDependency */,
			);
			name = MovieTheatrUITests;
			productName = MovieTheatrUITests;
			productReference = D865D4CF1C63785200DEFD2B /* MovieTheatrUITests.xctest */;
			productType = "com.apple.product-type.bundle.ui-testing";
		};
/* End PBXNativeTarget section */

/* Begin PBXProject section */
		D865D4A81C63785100DEFD2B /* Project object */ = {
			isa = PBXProject;
			attributes = {
				LastSwiftUpdateCheck = 0720;
				LastUpgradeCheck = 0720;
				ORGANIZATIONNAME = "Joseph Vallillo";
				TargetAttributes = {
					D865D4AF1C63785200DEFD2B = {
						CreatedOnToolsVersion = 7.2;
						DevelopmentTeam = 7A4Z68Y9JC;
					};
					D865D4C31C63785200DEFD2B = {
						CreatedOnToolsVersion = 7.2;
						DevelopmentTeam = 7A4Z68Y9JC;
						TestTargetID = D865D4AF1C63785200DEFD2B;
					};
					D865D4CE1C63785200DEFD2B = {
						CreatedOnToolsVersion = 7.2;
						DevelopmentTeam = 7A4Z68Y9JC;
						TestTargetID = D865D4AF1C63785200DEFD2B;
					};
				};
			};
			buildConfigurationList = D865D4AB1C63785100DEFD2B /* Build configuration list for PBXProject "MovieTheatr" */;
			compatibilityVersion = "Xcode 3.2";
			developmentRegion = English;
			hasScannedForEncodings = 0;
			knownRegions = (
				en,
				Base,
			);
			mainGroup = D865D4A71C63785100DEFD2B;
			productRefGroup = D865D4B11C63785200DEFD2B /* Products */;
			projectDirPath = "";
			projectRoot = "";
			targets = (
				D865D4AF1C63785200DEFD2B /* MovieTheatr */,
				D865D4C31C63785200DEFD2B /* MovieTheatrTests */,
				D865D4CE1C63785200DEFD2B /* MovieTheatrUITests */,
			);
		};
/* End PBXProject section */

/* Begin PBXResourcesBuildPhase section */
		D865D4AE1C63785200DEFD2B /* Resources */ = {
			isa = PBXResourcesBuildPhase;
			buildActionMask = 2147483647;
			files = (
				D865D4BE1C63785200DEFD2B /* LaunchScreen.storyboard in Resources */,
				D865D4BB1C63785200DEFD2B /* Assets.xcassets in Resources */,
				D865D4B91C63785200DEFD2B /* Main.storyboard in Resources */,
			);
			runOnlyForDeploymentPostprocessing = 0;
		};
		D865D4C21C63785200DEFD2B /* Resources */ = {
			isa = PBXResourcesBuildPhase;
			buildActionMask = 2147483647;
			files = (
			);
			runOnlyForDeploymentPostprocessing = 0;
		};
		D865D4CD1C63785200DEFD2B /* Resources */ = {
			isa = PBXResourcesBuildPhase;
			buildActionMask = 2147483647;
			files = (
			);
			runOnlyForDeploymentPostprocessing = 0;
		};
/* End PBXResourcesBuildPhase section */

/* Begin PBXSourcesBuildPhase section */
		D865D4AC1C63785200DEFD2B /* Sources */ = {
			isa = PBXSourcesBuildPhase;
			buildActionMask = 2147483647;
			files = (
				D865D4B61C63785200DEFD2B /* ViewController.swift in Sources */,
				D865D4B41C63785200DEFD2B /* AppDelegate.swift in Sources */,
			);
			runOnlyForDeploymentPostprocessing = 0;
		};
		D865D4C01C63785200DEFD2B /* Sources */ = {
			isa = PBXSourcesBuildPhase;
			buildActionMask = 2147483647;
			files = (
				D865D4C91C63785200DEFD2B /* MovieTheatrTests.swift in Sources */,
			);
			runOnlyForDeploymentPostprocessing = 0;
		};
		D865D4CB1C63785200DEFD2B /* Sources */ = {
			isa = PBXSourcesBuildPhase;
			buildActionMask = 2147483647;
			files = (
				D865D4D41C63785200DEFD2B /* MovieTheatrUITests.swift in Sources */,
			);
			runOnlyForDeploymentPostprocessing = 0;
		};
/* End PBXSourcesBuildPhase section */

/* Begin PBXTargetDependency section */
		D865D4C61C63785200DEFD2B /* PBXTargetDependency */ = {
			isa = PBXTargetDependency;
			target = D865D4AF1C63785200DEFD2B /* MovieTheatr */;
			targetProxy = D865D4C51C63785200DEFD2B /* PBXContainerItemProxy */;
		};
		D865D4D11C63785200DEFD2B /* PBXTargetDependency */ = {
			isa = PBXTargetDependency;
			target = D865D4AF1C63785200DEFD2B /* MovieTheatr */;
			targetProxy = D865D4D01C63785200DEFD2B /* PBXContainerItemProxy */;
		};
/* End PBXTargetDependency section */

/* Begin PBXVariantGroup section */
		D865D4B71C63785200DEFD2B /* Main.storyboard */ = {
			isa = PBXVariantGroup;
			children = (
				D865D4B81C63785200DEFD2B /* Base */,
			);
			name = Main.storyboard;
			sourceTree = "<group>";
		};
		D865D4BC1C63785200DEFD2B /* LaunchScreen.storyboard */ = {
			isa = PBXVariantGroup;
			children = (
				D865D4BD1C63785200DEFD2B /* Base */,
			);
			name = LaunchScreen.storyboard;
			sourceTree = "<group>";
		};
/* End PBXVariantGroup section */

/* Begin XCBuildConfiguration section */
		D865D4D61C63785200DEFD2B /* Debug */ = {
			isa = XCBuildConfiguration;
			buildSettings = {
				ALWAYS_SEARCH_USER_PATHS = NO;
				CLANG_CXX_LANGUAGE_STANDARD = "gnu++0x";
				CLANG_CXX_LIBRARY = "libc++";
				CLANG_ENABLE_MODULES = YES;
				CLANG_ENABLE_OBJC_ARC = YES;
				CLANG_WARN_BOOL_CONVERSION = YES;
				CLANG_WARN_CONSTANT_CONVERSION = YES;
				CLANG_WARN_DIRECT_OBJC_ISA_USAGE = YES_ERROR;
				CLANG_WARN_EMPTY_BODY = YES;
				CLANG_WARN_ENUM_CONVERSION = YES;
				CLANG_WARN_INT_CONVERSION = YES;
				CLANG_WARN_OBJC_ROOT_CLASS = YES_ERROR;
				CLANG_WARN_UNREACHABLE_CODE = YES;
				CLANG_WARN__DUPLICATE_METHOD_MATCH = YES;
				"CODE_SIGN_IDENTITY[sdk=iphoneos*]" = "iPhone Developer";
				COPY_PHASE_STRIP = NO;
				DEBUG_INFORMATION_FORMAT = dwarf;
				ENABLE_STRICT_OBJC_MSGSEND = YES;
				ENABLE_TESTABILITY = YES;
				GCC_C_LANGUAGE_STANDARD = gnu99;
				GCC_DYNAMIC_NO_PIC = NO;
				GCC_NO_COMMON_BLOCKS = YES;
				GCC_OPTIMIZATION_LEVEL = 0;
				GCC_PREPROCESSOR_DEFINITIONS = (
					"DEBUG=1",
					"$(inherited)",
				);
				GCC_WARN_64_TO_32_BIT_CONVERSION = YES;
				GCC_WARN_ABOUT_RETURN_TYPE = YES_ERROR;
				GCC_WARN_UNDECLARED_SELECTOR = YES;
				GCC_WARN_UNINITIALIZED_AUTOS = YES_AGGRESSIVE;
				GCC_WARN_UNUSED_FUNCTION = YES;
				GCC_WARN_UNUSED_VARIABLE = YES;
				IPHONEOS_DEPLOYMENT_TARGET = 9.2;
				MTL_ENABLE_DEBUG_INFO = YES;
				ONLY_ACTIVE_ARCH = YES;
				SDKROOT = iphoneos;
				SWIFT_OPTIMIZATION_LEVEL = "-Onone";
				TARGETED_DEVICE_FAMILY = "1,2";
			};
			name = Debug;
		};
		D865D4D71C63785200DEFD2B /* Release */ = {
			isa = XCBuildConfiguration;
			buildSettings = {
				ALWAYS_SEARCH_USER_PATHS = NO;
				CLANG_CXX_LANGUAGE_STANDARD = "gnu++0x";
				CLANG_CXX_LIBRARY = "libc++";
				CLANG_ENABLE_MODULES = YES;
				CLANG_ENABLE_OBJC_ARC = YES;
				CLANG_WARN_BOOL_CONVERSION = YES;
				CLANG_WARN_CONSTANT_CONVERSION = YES;
				CLANG_WARN_DIRECT_OBJC_ISA_USAGE = YES_ERROR;
				CLANG_WARN_EMPTY_BODY = YES;
				CLANG_WARN_ENUM_CONVERSION = YES;
				CLANG_WARN_INT_CONVERSION = YES;
				CLANG_WARN_OBJC_ROOT_CLASS = YES_ERROR;
				CLANG_WARN_UNREACHABLE_CODE = YES;
				CLANG_WARN__DUPLICATE_METHOD_MATCH = YES;
				"CODE_SIGN_IDENTITY[sdk=iphoneos*]" = "iPhone Developer";
				COPY_PHASE_STRIP = NO;
				DEBUG_INFORMATION_FORMAT = "dwarf-with-dsym";
				ENABLE_NS_ASSERTIONS = NO;
				ENABLE_STRICT_OBJC_MSGSEND = YES;
				GCC_C_LANGUAGE_STANDARD = gnu99;
				GCC_NO_COMMON_BLOCKS = YES;
				GCC_WARN_64_TO_32_BIT_CONVERSION = YES;
				GCC_WARN_ABOUT_RETURN_TYPE = YES_ERROR;
				GCC_WARN_UNDECLARED_SELECTOR = YES;
				GCC_WARN_UNINITIALIZED_AUTOS = YES_AGGRESSIVE;
				GCC_WARN_UNUSED_FUNCTION = YES;
				GCC_WARN_UNUSED_VARIABLE = YES;
				IPHONEOS_DEPLOYMENT_TARGET = 9.2;
				MTL_ENABLE_DEBUG_INFO = NO;
				SDKROOT = iphoneos;
				TARGETED_DEVICE_FAMILY = "1,2";
				VALIDATE_PRODUCT = YES;
			};
			name = Release;
		};
		D865D4D91C63785200DEFD2B /* Debug */ = {
			isa = XCBuildConfiguration;
			buildSettings = {
				ASSETCATALOG_COMPILER_APPICON_NAME = AppIcon;
				INFOPLIST_FILE = MovieTheatr/Info.plist;
				LD_RUNPATH_SEARCH_PATHS = "$(inherited) @executable_path/Frameworks";
				PRODUCT_BUNDLE_IDENTIFIER = JV.MovieTheatr;
				PRODUCT_NAME = "$(TARGET_NAME)";
			};
			name = Debug;
		};
		D865D4DA1C63785200DEFD2B /* Release */ = {
			isa = XCBuildConfiguration;
			buildSettings = {
				ASSETCATALOG_COMPILER_APPICON_NAME = AppIcon;
				INFOPLIST_FILE = MovieTheatr/Info.plist;
				LD_RUNPATH_SEARCH_PATHS = "$(inherited) @executable_path/Frameworks";
				PRODUCT_BUNDLE_IDENTIFIER = JV.MovieTheatr;
				PRODUCT_NAME = "$(TARGET_NAME)";
			};
			name = Release;
		};
		D865D4DC1C63785200DEFD2B /* Debug */ = {
			isa = XCBuildConfiguration;
			buildSettings = {
				BUNDLE_LOADER = "$(TEST_HOST)";
				INFOPLIST_FILE = MovieTheatrTests/Info.plist;
				LD_RUNPATH_SEARCH_PATHS = "$(inherited) @executable_path/Frameworks @loader_path/Frameworks";
				PRODUCT_BUNDLE_IDENTIFIER = JV.MovieTheatrTests;
				PRODUCT_NAME = "$(TARGET_NAME)";
				TEST_HOST = "$(BUILT_PRODUCTS_DIR)/MovieTheatr.app/MovieTheatr";
			};
			name = Debug;
		};
		D865D4DD1C63785200DEFD2B /* Release */ = {
			isa = XCBuildConfiguration;
			buildSettings = {
				BUNDLE_LOADER = "$(TEST_HOST)";
				INFOPLIST_FILE = MovieTheatrTests/Info.plist;
				LD_RUNPATH_SEARCH_PATHS = "$(inherited) @executable_path/Frameworks @loader_path/Frameworks";
				PRODUCT_BUNDLE_IDENTIFIER = JV.MovieTheatrTests;
				PRODUCT_NAME = "$(TARGET_NAME)";
				TEST_HOST = "$(BUILT_PRODUCTS_DIR)/MovieTheatr.app/MovieTheatr";
			};
			name = Release;
		};
		D865D4DF1C63785200DEFD2B /* Debug */ = {
			isa = XCBuildConfiguration;
			buildSettings = {
				INFOPLIST_FILE = MovieTheatrUITests/Info.plist;
				LD_RUNPATH_SEARCH_PATHS = "$(inherited) @executable_path/Frameworks @loader_path/Frameworks";
				PRODUCT_BUNDLE_IDENTIFIER = JV.MovieTheatrUITests;
				PRODUCT_NAME = "$(TARGET_NAME)";
				TEST_TARGET_NAME = MovieTheatr;
				USES_XCTRUNNER = YES;
			};
			name = Debug;
		};
		D865D4E01C63785200DEFD2B /* Release */ = {
			isa = XCBuildConfiguration;
			buildSettings = {
				INFOPLIST_FILE = MovieTheatrUITests/Info.plist;
				LD_RUNPATH_SEARCH_PATHS = "$(inherited) @executable_path/Frameworks @loader_path/Frameworks";
				PRODUCT_BUNDLE_IDENTIFIER = JV.MovieTheatrUITests;
				PRODUCT_NAME = "$(TARGET_NAME)";
				TEST_TARGET_NAME = MovieTheatr;
				USES_XCTRUNNER = YES;
			};
			name = Release;
		};
/* End XCBuildConfiguration section */

/* Begin XCConfigurationList section */
		D865D4AB1C63785100DEFD2B /* Build configuration list for PBXProject "MovieTheatr" */ = {
			isa = XCConfigurationList;
			buildConfigurations = (
				D865D4D61C63785200DEFD2B /* Debug */,
				D865D4D71C63785200DEFD2B /* Release */,
			);
			defaultConfigurationIsVisible = 0;
			defaultConfigurationName = Release;
		};
		D865D4D81C63785200DEFD2B /* Build configuration list for PBXNativeTarget "MovieTheatr" */ = {
			isa = XCConfigurationList;
			buildConfigurations = (
				D865D4D91C63785200DEFD2B /* Debug */,
				D865D4DA1C63785200DEFD2B /* Release */,
			);
			defaultConfigurationIsVisible = 0;
		};
		D865D4DB1C63785200DEFD2B /* Build configuration list for PBXNativeTarget "MovieTheatrTests" */ = {
			isa = XCConfigurationList;
			buildConfigurations = (
				D865D4DC1C63785200DEFD2B /* Debug */,
				D865D4DD1C63785200DEFD2B /* Release */,
			);
			defaultConfigurationIsVisible = 0;
		};
		D865D4DE1C63785200DEFD2B /* Build configuration list for PBXNativeTarget "MovieTheatrUITests" */ = {
			isa = XCConfigurationList;
			buildConfigurations = (
				D865D4DF1C63785200DEFD2B /* Debug */,
				D865D4E01C63785200DEFD2B /* Release */,
			);
			defaultConfigurationIsVisible = 0;
		};
/* End XCConfigurationList section */
	};
	rootObject = D865D4A81C63785100DEFD2B /* Project object */;
}
